{
  "nodes": {
    "empty-smt-solver": {
      "inputs": {
        "flake-utils": [
          "flake-utils"
        ],
        "nixpkgs": [
          "nixpkgs"
        ]
      },
      "locked": {
        "lastModified": 1751304960,
        "narHash": "sha256-6+GUDEY6aLyq5KLRaIMeBEVlKiYymKi4CB5B8jG6wY0=",
        "owner": "msooseth",
        "repo": "empty-smt-solver",
        "rev": "74bd120fdb730fde8e44243305e669e5e8a3e02a",
        "type": "github"
      },
      "original": {
        "owner": "msooseth",
        "repo": "empty-smt-solver",
        "rev": "74bd120fdb730fde8e44243305e669e5e8a3e02a",
        "type": "github"
      }
    },
    "ethereum-tests": {
      "flake": false,
      "locked": {
        "lastModified": 1698656397,
        "narHash": "sha256-1zhBaJ3X5kQ94qv9Yz12/3d83w3jNP6OtzjH+ykK8sg=",
        "owner": "ethereum",
        "repo": "tests",
        "rev": "428f218d7d6f4a52544e12684afbfe6e2882ffbf",
        "type": "github"
      },
      "original": {
        "owner": "ethereum",
        "ref": "v13",
        "repo": "tests",
        "type": "github"
      }
    },
    "flake-utils": {
      "inputs": {
        "systems": "systems"
      },
      "locked": {
        "lastModified": 1731533236,
        "narHash": "sha256-l0KFg5HjrsfsO/JpG+r7fRrqm12kzFHyUHqHCVpMMbI=",
        "owner": "numtide",
        "repo": "flake-utils",
        "rev": "11707dc2f618dd54ca8739b309ec4fc024de578b",
        "type": "github"
      },
      "original": {
        "owner": "numtide",
        "repo": "flake-utils",
        "type": "github"
      }
    },
    "forge-std": {
      "flake": false,
      "locked": {
        "lastModified": 1758198291,
        "narHash": "sha256-kPF5n6T0ho1sJ7ZS21/RpoaG/lc/9LvE2mLQfXwwyWQ=",
        "owner": "foundry-rs",
        "repo": "forge-std",
        "rev": "0768d9c08c085c79bb31d88683a78770764fec49",
        "type": "github"
      },
      "original": {
        "owner": "foundry-rs",
        "repo": "forge-std",
        "type": "github"
      }
    },
    "foundry": {
      "inputs": {
        "flake-utils": [
          "flake-utils"
        ],
        "nixpkgs": [
          "nixpkgs"
        ]
      },
      "locked": {
        "lastModified": 1758100230,
        "narHash": "sha256-sARl8NpG4ifzhd7j5D04A5keJIf0zkP1XYIuDEkzXb4=",
        "owner": "shazow",
        "repo": "foundry.nix",
        "rev": "e632b06dc759e381ef04f15ff9541f889eda6013",
        "type": "github"
      },
      "original": {
        "owner": "shazow",
        "ref": "stable",
        "repo": "foundry.nix",
        "type": "github"
      }
    },
    "nixpkgs": {
      "locked": {
        "lastModified": 1758670613,
        "narHash": "sha256-0WhfYUF4lBYpOTPHMqJlkGv8Hd0YIxSkmAPAMYtG91k=",
        "owner": "elopez",
        "repo": "nixpkgs",
        "rev": "2a7b8c3b5d55f936f5cb91b7ce72a14ccf67326e",
        "type": "github"
      },
      "original": {
        "owner": "elopez",
        "ref": "libff-cmake",
        "repo": "nixpkgs",
        "type": "github"
      }
    },
    "root": {
      "inputs": {
        "empty-smt-solver": "empty-smt-solver",
        "ethereum-tests": "ethereum-tests",
        "flake-utils": "flake-utils",
        "forge-std": "forge-std",
        "foundry": "foundry",
        "nixpkgs": "nixpkgs",
        "solc-pkgs": "solc-pkgs",
        "solidity": "solidity"
      }
    },
    "solc-macos-amd64-list-json": {
      "flake": false,
      "locked": {
        "narHash": "sha256-AvITkfpNYgCypXuLJyqco0li+unVw39BAfdOZvd/SPE=",
        "type": "file",
        "url": "https://github.com/argotorg/solc-bin/raw/26fc3fd/macosx-amd64/list.json"
      },
      "original": {
        "type": "file",
        "url": "https://github.com/argotorg/solc-bin/raw/26fc3fd/macosx-amd64/list.json"
      }
    },
    "solc-pkgs": {
      "inputs": {
        "flake-utils": [
          "flake-utils"
        ],
        "nixpkgs": [
          "nixpkgs"
        ],
        "solc-macos-amd64-list-json": "solc-macos-amd64-list-json"
      },
      "locked": {
        "lastModified": 1756368702,
        "narHash": "sha256-cqEHv7uCV0LibmQphyiXZ1+jYtGjMNb9Pae4tfcAcF8=",
        "owner": "hellwolf",
        "repo": "solc.nix",
        "rev": "d83e90df2fa8359a690f6baabf76099432193c3f",
        "type": "github"
      },
      "original": {
        "owner": "hellwolf",
        "repo": "solc.nix",
        "type": "github"
      }
    },
    "solidity": {
      "flake": false,
      "locked": {
        "lastModified": 1716280767,
        "narHash": "sha256-cvRFeJkiaYPA+SoboEZhvH5sHDmmcMNR62OoKuEOWRg=",
        "owner": "argotorg",
        "repo": "solidity",
        "rev": "8a97fa7a1db1ec509221ead6fea6802c684ee887",
        "type": "github"
      },
      "original": {
        "owner": "argotorg",
        "repo": "solidity",
        "rev": "8a97fa7a1db1ec509221ead6fea6802c684ee887",
        "type": "github"
      }
    },
    "systems": {
      "locked": {
        "lastModified": 1681028828,
        "narHash": "sha256-Vy1rq5AaRuLzOxct8nz4T6wlgyUR7zLU309k9mBC768=",
        "owner": "nix-systems",
        "repo": "default",
        "rev": "da67096a3b9bf56a91d16901293e51ba5b49a27e",
        "type": "github"
      },
      "original": {
        "owner": "nix-systems",
        "repo": "default",
        "type": "github"
      }
    }
  },
  "root": "root",
  "version": 7
}
